// !$*UTF8*$!
{
	archiveVersion = 1;
	classes = {
	};
	objectVersion = 55;
	objects = {

/* Begin PBXBuildFile section */
		47C2EB3CF2A13C2235767F99 /* Pods_Word_Collector.framework in Frameworks */ = {isa = PBXBuildFile; fileRef = 0B4E8B8837A71A837EB183B5 /* Pods_Word_Collector.framework */; };
		6F012D8E28B676AC00D1FC5B /* CreateOrEditViewController.swift in Sources */ = {isa = PBXBuildFile; fileRef = 6F012D8D28B676AC00D1FC5B /* CreateOrEditViewController.swift */; };
		6F24D42528CE4CBF00EA3A9B /* Vobulary_Tests.swift in Sources */ = {isa = PBXBuildFile; fileRef = 6F24D42428CE4CBF00EA3A9B /* Vobulary_Tests.swift */; };
		6F294F3928BBDFFA002A0F70 /* DictionaryTerm.swift in Sources */ = {isa = PBXBuildFile; fileRef = 6F294F3828BBDFFA002A0F70 /* DictionaryTerm.swift */; };
		6F294F3B28BBE30B002A0F70 /* String+Extension.swift in Sources */ = {isa = PBXBuildFile; fileRef = 6F294F3A28BBE30B002A0F70 /* String+Extension.swift */; };
		6F48596828BBA6DC00B1FA71 /* Method.swift in Sources */ = {isa = PBXBuildFile; fileRef = 6F48596728BBA6DC00B1FA71 /* Method.swift */; };
		6F48596C28BBA77900B1FA71 /* NetworkManager.swift in Sources */ = {isa = PBXBuildFile; fileRef = 6F48596B28BBA77900B1FA71 /* NetworkManager.swift */; };
		6F48596E28BBA98D00B1FA71 /* Route.swift in Sources */ = {isa = PBXBuildFile; fileRef = 6F48596D28BBA98D00B1FA71 /* Route.swift */; };
		6F48597028BBAA4D00B1FA71 /* DictionaryRoute.swift in Sources */ = {isa = PBXBuildFile; fileRef = 6F48596F28BBAA4D00B1FA71 /* DictionaryRoute.swift */; };
		6F48597228BBAD0000B1FA71 /* APIInteractionError.swift in Sources */ = {isa = PBXBuildFile; fileRef = 6F48597128BBAD0000B1FA71 /* APIInteractionError.swift */; };
		6F48597428BBB7AB00B1FA71 /* Definition.swift in Sources */ = {isa = PBXBuildFile; fileRef = 6F48597328BBB7AB00B1FA71 /* Definition.swift */; };
		6F48597628BBB83C00B1FA71 /* Meaning.swift in Sources */ = {isa = PBXBuildFile; fileRef = 6F48597528BBB83C00B1FA71 /* Meaning.swift */; };
		6F48597828BBB89D00B1FA71 /* License.swift in Sources */ = {isa = PBXBuildFile; fileRef = 6F48597728BBB89D00B1FA71 /* License.swift */; };
		6F48597A28BBB8D500B1FA71 /* Phonetic.swift in Sources */ = {isa = PBXBuildFile; fileRef = 6F48597928BBB8D500B1FA71 /* Phonetic.swift */; };
		6F48597C28BBB95300B1FA71 /* Entry.swift in Sources */ = {isa = PBXBuildFile; fileRef = 6F48597B28BBB95300B1FA71 /* Entry.swift */; };
		6F52DF1428C684F700625B4A /* TextFormat.swift in Sources */ = {isa = PBXBuildFile; fileRef = 6F52DF1328C684F700625B4A /* TextFormat.swift */; };
		6F672C0028C4EC9E00B085C3 /* WordCollectionViewCell.swift in Sources */ = {isa = PBXBuildFile; fileRef = 6F672BFF28C4EC9E00B085C3 /* WordCollectionViewCell.swift */; };
		6F672C0228C4F0C400B085C3 /* TextContent.swift in Sources */ = {isa = PBXBuildFile; fileRef = 6F672C0128C4F0C400B085C3 /* TextContent.swift */; };
		6F672C0628C509C700B085C3 /* UILabel+Extension.swift in Sources */ = {isa = PBXBuildFile; fileRef = 6F672C0528C509C700B085C3 /* UILabel+Extension.swift */; };
		6F6AD13328BFB6D80062180C /* UIViewConstroller+Extension.swift in Sources */ = {isa = PBXBuildFile; fileRef = 6F6AD13228BFB6D80062180C /* UIViewConstroller+Extension.swift */; };
		6F6F7A5A28BF6CE50039F1B9 /* SavedWord.swift in Sources */ = {isa = PBXBuildFile; fileRef = 6F6F7A5928BF6CE50039F1B9 /* SavedWord.swift */; };
		6F6F7A5C28BF71EC0039F1B9 /* Vocabulary.swift in Sources */ = {isa = PBXBuildFile; fileRef = 6F6F7A5B28BF71EC0039F1B9 /* Vocabulary.swift */; };
		6F6F7A5E28BF75A30039F1B9 /* VocabularyViewController.swift in Sources */ = {isa = PBXBuildFile; fileRef = 6F6F7A5D28BF75A30039F1B9 /* VocabularyViewController.swift */; };
		6F6F7A6228BF793D0039F1B9 /* VocabularyTableViewCell.swift in Sources */ = {isa = PBXBuildFile; fileRef = 6F6F7A6028BF793D0039F1B9 /* VocabularyTableViewCell.swift */; };
		6F6F7A6528BF8BAC0039F1B9 /* VocabularyTableViewCell.xib in Resources */ = {isa = PBXBuildFile; fileRef = 6F6F7A6428BF8BAC0039F1B9 /* VocabularyTableViewCell.xib */; };
		6F7DB36728B78ABB0043FDC2 /* FileViewController.swift in Sources */ = {isa = PBXBuildFile; fileRef = 6F7DB36628B78ABB0043FDC2 /* FileViewController.swift */; };
		6F7DB36928B79E350043FDC2 /* CustomNavigationViewController.swift in Sources */ = {isa = PBXBuildFile; fileRef = 6F7DB36828B79E350043FDC2 /* CustomNavigationViewController.swift */; };
		6F7FCCEE28C5128800620851 /* Word_CollectorUITests.swift in Sources */ = {isa = PBXBuildFile; fileRef = 6F7FCCED28C5128800620851 /* Word_CollectorUITests.swift */; };
		6F7FCCF028C5128800620851 /* Word_CollectorUITestsLaunchTests.swift in Sources */ = {isa = PBXBuildFile; fileRef = 6F7FCCEF28C5128800620851 /* Word_CollectorUITestsLaunchTests.swift */; };
		6F9B197F28B7DA0A00BDAB24 /* UIFont+Extension.swift in Sources */ = {isa = PBXBuildFile; fileRef = 6F9B197E28B7DA0A00BDAB24 /* UIFont+Extension.swift */; };
		6F9B198128B7DDCB00BDAB24 /* UIFont_Weight+Extension.swift in Sources */ = {isa = PBXBuildFile; fileRef = 6F9B198028B7DDCB00BDAB24 /* UIFont_Weight+Extension.swift */; };
		6FDE2CEF28B8F861007956FF /* UIColor+Extension.swift in Sources */ = {isa = PBXBuildFile; fileRef = 6FDE2CEE28B8F861007956FF /* UIColor+Extension.swift */; };
		6FDE2CF128B9082B007956FF /* UserDefaults+Extension.swift in Sources */ = {isa = PBXBuildFile; fileRef = 6FDE2CF028B9082B007956FF /* UserDefaults+Extension.swift */; };
		6FDE2CF328B90ECD007956FF /* ColorScheme.swift in Sources */ = {isa = PBXBuildFile; fileRef = 6FDE2CF228B90ECD007956FF /* ColorScheme.swift */; };
		6FDEFB1628BD0139008C8687 /* DefinitionTableViewCell.swift in Sources */ = {isa = PBXBuildFile; fileRef = 6FDEFB1428BD0139008C8687 /* DefinitionTableViewCell.swift */; };
		6FDEFB1728BD0139008C8687 /* DefinitionTableViewCell.xib in Resources */ = {isa = PBXBuildFile; fileRef = 6FDEFB1528BD0139008C8687 /* DefinitionTableViewCell.xib */; };
		6FDEFB1928BD2424008C8687 /* NSLayoutConstraint+Extension.swift in Sources */ = {isa = PBXBuildFile; fileRef = 6FDEFB1828BD2424008C8687 /* NSLayoutConstraint+Extension.swift */; };
		6FE0A80328B697C500F90099 /* StorageManager.swift in Sources */ = {isa = PBXBuildFile; fileRef = 6FE0A80228B697C500F90099 /* StorageManager.swift */; };
		6FE0A80628B69A9500F90099 /* StorageInteractionError.swift in Sources */ = {isa = PBXBuildFile; fileRef = 6FE0A80528B69A9500F90099 /* StorageInteractionError.swift */; };
		6FE1460728B52ABC005B112F /* AppDelegate.swift in Sources */ = {isa = PBXBuildFile; fileRef = 6FE1460628B52ABC005B112F /* AppDelegate.swift */; };
		6FE1460928B52ABC005B112F /* SceneDelegate.swift in Sources */ = {isa = PBXBuildFile; fileRef = 6FE1460828B52ABC005B112F /* SceneDelegate.swift */; };
		6FE1460E28B52ABC005B112F /* Main.storyboard in Resources */ = {isa = PBXBuildFile; fileRef = 6FE1460C28B52ABC005B112F /* Main.storyboard */; };
		6FE1461028B52ABD005B112F /* Assets.xcassets in Resources */ = {isa = PBXBuildFile; fileRef = 6FE1460F28B52ABD005B112F /* Assets.xcassets */; };
		6FE1461328B52ABD005B112F /* LaunchScreen.storyboard in Resources */ = {isa = PBXBuildFile; fileRef = 6FE1461128B52ABD005B112F /* LaunchScreen.storyboard */; };
		6FE1462028B52CD7005B112F /* LibraryViewController.swift in Sources */ = {isa = PBXBuildFile; fileRef = 6FE1461F28B52CD7005B112F /* LibraryViewController.swift */; };
		6FE1462428B537BB005B112F /* LibraryIconCollectionViewCell.swift in Sources */ = {isa = PBXBuildFile; fileRef = 6FE1462228B537BB005B112F /* LibraryIconCollectionViewCell.swift */; };
		6FE1462528B537BB005B112F /* LibraryIconCollectionViewCell.xib in Resources */ = {isa = PBXBuildFile; fileRef = 6FE1462328B537BB005B112F /* LibraryIconCollectionViewCell.xib */; };
		6FE1462B28B53EFB005B112F /* UIView+Extension.swift in Sources */ = {isa = PBXBuildFile; fileRef = 6FE1462A28B53EFB005B112F /* UIView+Extension.swift */; };
/* End PBXBuildFile section */

/* Begin PBXContainerItemProxy section */
		6F24D41F28CE4C5B00EA3A9B /* PBXContainerItemProxy */ = {
			isa = PBXContainerItemProxy;
			containerPortal = 6FE145FB28B52ABC005B112F /* Project object */;
			proxyType = 1;
			remoteGlobalIDString = 6FE1460228B52ABC005B112F;
			remoteInfo = "Word Collector";
		};
		6F7FCCF128C5128800620851 /* PBXContainerItemProxy */ = {
			isa = PBXContainerItemProxy;
			containerPortal = 6FE145FB28B52ABC005B112F /* Project object */;
			proxyType = 1;
			remoteGlobalIDString = 6FE1460228B52ABC005B112F;
			remoteInfo = "Word Collector";
		};
/* End PBXContainerItemProxy section */

/* Begin PBXFileReference section */
		0B4E8B8837A71A837EB183B5 /* Pods_Word_Collector.framework */ = {isa = PBXFileReference; explicitFileType = wrapper.framework; includeInIndex = 0; path = Pods_Word_Collector.framework; sourceTree = BUILT_PRODUCTS_DIR; };
		0FF48AD95C42AAC117545CA2 /* Pods-Word Collector.release.xcconfig */ = {isa = PBXFileReference; includeInIndex = 1; lastKnownFileType = text.xcconfig; name = "Pods-Word Collector.release.xcconfig"; path = "Target Support Files/Pods-Word Collector/Pods-Word Collector.release.xcconfig"; sourceTree = "<group>"; };
		6F012D8D28B676AC00D1FC5B /* CreateOrEditViewController.swift */ = {isa = PBXFileReference; lastKnownFileType = sourcecode.swift; path = CreateOrEditViewController.swift; sourceTree = "<group>"; };
		6F24D41B28CE4C5B00EA3A9B /* Word Collector Tests.xctest */ = {isa = PBXFileReference; explicitFileType = wrapper.cfbundle; includeInIndex = 0; path = "Word Collector Tests.xctest"; sourceTree = BUILT_PRODUCTS_DIR; };
		6F24D42428CE4CBF00EA3A9B /* Vobulary_Tests.swift */ = {isa = PBXFileReference; lastKnownFileType = sourcecode.swift; path = Vobulary_Tests.swift; sourceTree = "<group>"; };
		6F294F3828BBDFFA002A0F70 /* DictionaryTerm.swift */ = {isa = PBXFileReference; lastKnownFileType = sourcecode.swift; path = DictionaryTerm.swift; sourceTree = "<group>"; };
		6F294F3A28BBE30B002A0F70 /* String+Extension.swift */ = {isa = PBXFileReference; lastKnownFileType = sourcecode.swift; path = "String+Extension.swift"; sourceTree = "<group>"; };
		6F48596728BBA6DC00B1FA71 /* Method.swift */ = {isa = PBXFileReference; lastKnownFileType = sourcecode.swift; path = Method.swift; sourceTree = "<group>"; };
		6F48596B28BBA77900B1FA71 /* NetworkManager.swift */ = {isa = PBXFileReference; lastKnownFileType = sourcecode.swift; path = NetworkManager.swift; sourceTree = "<group>"; };
		6F48596D28BBA98D00B1FA71 /* Route.swift */ = {isa = PBXFileReference; lastKnownFileType = sourcecode.swift; path = Route.swift; sourceTree = "<group>"; };
		6F48596F28BBAA4D00B1FA71 /* DictionaryRoute.swift */ = {isa = PBXFileReference; lastKnownFileType = sourcecode.swift; path = DictionaryRoute.swift; sourceTree = "<group>"; };
		6F48597128BBAD0000B1FA71 /* APIInteractionError.swift */ = {isa = PBXFileReference; lastKnownFileType = sourcecode.swift; path = APIInteractionError.swift; sourceTree = "<group>"; };
		6F48597328BBB7AB00B1FA71 /* Definition.swift */ = {isa = PBXFileReference; lastKnownFileType = sourcecode.swift; path = Definition.swift; sourceTree = "<group>"; };
		6F48597528BBB83C00B1FA71 /* Meaning.swift */ = {isa = PBXFileReference; lastKnownFileType = sourcecode.swift; path = Meaning.swift; sourceTree = "<group>"; };
		6F48597728BBB89D00B1FA71 /* License.swift */ = {isa = PBXFileReference; lastKnownFileType = sourcecode.swift; path = License.swift; sourceTree = "<group>"; };
		6F48597928BBB8D500B1FA71 /* Phonetic.swift */ = {isa = PBXFileReference; lastKnownFileType = sourcecode.swift; path = Phonetic.swift; sourceTree = "<group>"; };
		6F48597B28BBB95300B1FA71 /* Entry.swift */ = {isa = PBXFileReference; lastKnownFileType = sourcecode.swift; path = Entry.swift; sourceTree = "<group>"; };
		6F52DF1328C684F700625B4A /* TextFormat.swift */ = {isa = PBXFileReference; lastKnownFileType = sourcecode.swift; path = TextFormat.swift; sourceTree = "<group>"; };
		6F672BFF28C4EC9E00B085C3 /* WordCollectionViewCell.swift */ = {isa = PBXFileReference; lastKnownFileType = sourcecode.swift; path = WordCollectionViewCell.swift; sourceTree = "<group>"; };
		6F672C0128C4F0C400B085C3 /* TextContent.swift */ = {isa = PBXFileReference; lastKnownFileType = sourcecode.swift; path = TextContent.swift; sourceTree = "<group>"; };
		6F672C0528C509C700B085C3 /* UILabel+Extension.swift */ = {isa = PBXFileReference; lastKnownFileType = sourcecode.swift; path = "UILabel+Extension.swift"; sourceTree = "<group>"; };
		6F6AD13228BFB6D80062180C /* UIViewConstroller+Extension.swift */ = {isa = PBXFileReference; lastKnownFileType = sourcecode.swift; path = "UIViewConstroller+Extension.swift"; sourceTree = "<group>"; };
		6F6F7A5928BF6CE50039F1B9 /* SavedWord.swift */ = {isa = PBXFileReference; lastKnownFileType = sourcecode.swift; path = SavedWord.swift; sourceTree = "<group>"; };
		6F6F7A5B28BF71EC0039F1B9 /* Vocabulary.swift */ = {isa = PBXFileReference; lastKnownFileType = sourcecode.swift; path = Vocabulary.swift; sourceTree = "<group>"; };
		6F6F7A5D28BF75A30039F1B9 /* VocabularyViewController.swift */ = {isa = PBXFileReference; lastKnownFileType = sourcecode.swift; path = VocabularyViewController.swift; sourceTree = "<group>"; };
		6F6F7A6028BF793D0039F1B9 /* VocabularyTableViewCell.swift */ = {isa = PBXFileReference; lastKnownFileType = sourcecode.swift; path = VocabularyTableViewCell.swift; sourceTree = "<group>"; };
		6F6F7A6428BF8BAC0039F1B9 /* VocabularyTableViewCell.xib */ = {isa = PBXFileReference; fileEncoding = 4; lastKnownFileType = file.xib; path = VocabularyTableViewCell.xib; sourceTree = "<group>"; };
		6F7DB36628B78ABB0043FDC2 /* FileViewController.swift */ = {isa = PBXFileReference; lastKnownFileType = sourcecode.swift; path = FileViewController.swift; sourceTree = "<group>"; };
		6F7DB36828B79E350043FDC2 /* CustomNavigationViewController.swift */ = {isa = PBXFileReference; lastKnownFileType = sourcecode.swift; path = CustomNavigationViewController.swift; sourceTree = "<group>"; };
		6F7FCCEB28C5128800620851 /* Word CollectorUITests.xctest */ = {isa = PBXFileReference; explicitFileType = wrapper.cfbundle; includeInIndex = 0; path = "Word CollectorUITests.xctest"; sourceTree = BUILT_PRODUCTS_DIR; };
		6F7FCCED28C5128800620851 /* Word_CollectorUITests.swift */ = {isa = PBXFileReference; lastKnownFileType = sourcecode.swift; path = Word_CollectorUITests.swift; sourceTree = "<group>"; };
		6F7FCCEF28C5128800620851 /* Word_CollectorUITestsLaunchTests.swift */ = {isa = PBXFileReference; lastKnownFileType = sourcecode.swift; path = Word_CollectorUITestsLaunchTests.swift; sourceTree = "<group>"; };
		6F9B197E28B7DA0A00BDAB24 /* UIFont+Extension.swift */ = {isa = PBXFileReference; lastKnownFileType = sourcecode.swift; path = "UIFont+Extension.swift"; sourceTree = "<group>"; };
		6F9B198028B7DDCB00BDAB24 /* UIFont_Weight+Extension.swift */ = {isa = PBXFileReference; lastKnownFileType = sourcecode.swift; path = "UIFont_Weight+Extension.swift"; sourceTree = "<group>"; };
		6FDE2CEE28B8F861007956FF /* UIColor+Extension.swift */ = {isa = PBXFileReference; lastKnownFileType = sourcecode.swift; path = "UIColor+Extension.swift"; sourceTree = "<group>"; };
		6FDE2CF028B9082B007956FF /* UserDefaults+Extension.swift */ = {isa = PBXFileReference; lastKnownFileType = sourcecode.swift; path = "UserDefaults+Extension.swift"; sourceTree = "<group>"; };
		6FDE2CF228B90ECD007956FF /* ColorScheme.swift */ = {isa = PBXFileReference; lastKnownFileType = sourcecode.swift; path = ColorScheme.swift; sourceTree = "<group>"; };
		6FDEFB1428BD0139008C8687 /* DefinitionTableViewCell.swift */ = {isa = PBXFileReference; lastKnownFileType = sourcecode.swift; path = DefinitionTableViewCell.swift; sourceTree = "<group>"; };
		6FDEFB1528BD0139008C8687 /* DefinitionTableViewCell.xib */ = {isa = PBXFileReference; lastKnownFileType = file.xib; path = DefinitionTableViewCell.xib; sourceTree = "<group>"; };
		6FDEFB1828BD2424008C8687 /* NSLayoutConstraint+Extension.swift */ = {isa = PBXFileReference; lastKnownFileType = sourcecode.swift; path = "NSLayoutConstraint+Extension.swift"; sourceTree = "<group>"; };
		6FE0A80228B697C500F90099 /* StorageManager.swift */ = {isa = PBXFileReference; lastKnownFileType = sourcecode.swift; path = StorageManager.swift; sourceTree = "<group>"; };
		6FE0A80528B69A9500F90099 /* StorageInteractionError.swift */ = {isa = PBXFileReference; lastKnownFileType = sourcecode.swift; path = StorageInteractionError.swift; sourceTree = "<group>"; };
		6FE1460328B52ABC005B112F /* Word Collector.app */ = {isa = PBXFileReference; explicitFileType = wrapper.application; includeInIndex = 0; path = "Word Collector.app"; sourceTree = BUILT_PRODUCTS_DIR; };
		6FE1460628B52ABC005B112F /* AppDelegate.swift */ = {isa = PBXFileReference; lastKnownFileType = sourcecode.swift; path = AppDelegate.swift; sourceTree = "<group>"; };
		6FE1460828B52ABC005B112F /* SceneDelegate.swift */ = {isa = PBXFileReference; lastKnownFileType = sourcecode.swift; path = SceneDelegate.swift; sourceTree = "<group>"; };
		6FE1460D28B52ABC005B112F /* Base */ = {isa = PBXFileReference; lastKnownFileType = file.storyboard; name = Base; path = Base.lproj/Main.storyboard; sourceTree = "<group>"; };
		6FE1460F28B52ABD005B112F /* Assets.xcassets */ = {isa = PBXFileReference; lastKnownFileType = folder.assetcatalog; path = Assets.xcassets; sourceTree = "<group>"; };
		6FE1461228B52ABD005B112F /* Base */ = {isa = PBXFileReference; lastKnownFileType = file.storyboard; name = Base; path = Base.lproj/LaunchScreen.storyboard; sourceTree = "<group>"; };
		6FE1461428B52ABD005B112F /* Info.plist */ = {isa = PBXFileReference; lastKnownFileType = text.plist.xml; path = Info.plist; sourceTree = "<group>"; };
		6FE1461F28B52CD7005B112F /* LibraryViewController.swift */ = {isa = PBXFileReference; lastKnownFileType = sourcecode.swift; path = LibraryViewController.swift; sourceTree = "<group>"; };
		6FE1462228B537BB005B112F /* LibraryIconCollectionViewCell.swift */ = {isa = PBXFileReference; lastKnownFileType = sourcecode.swift; path = LibraryIconCollectionViewCell.swift; sourceTree = "<group>"; };
		6FE1462328B537BB005B112F /* LibraryIconCollectionViewCell.xib */ = {isa = PBXFileReference; lastKnownFileType = file.xib; path = LibraryIconCollectionViewCell.xib; sourceTree = "<group>"; };
		6FE1462A28B53EFB005B112F /* UIView+Extension.swift */ = {isa = PBXFileReference; lastKnownFileType = sourcecode.swift; path = "UIView+Extension.swift"; sourceTree = "<group>"; };
		B51288757D29B4FA60DBE792 /* Pods-Word Collector.debug.xcconfig */ = {isa = PBXFileReference; includeInIndex = 1; lastKnownFileType = text.xcconfig; name = "Pods-Word Collector.debug.xcconfig"; path = "Target Support Files/Pods-Word Collector/Pods-Word Collector.debug.xcconfig"; sourceTree = "<group>"; };
/* End PBXFileReference section */

/* Begin PBXFrameworksBuildPhase section */
		6F24D41828CE4C5B00EA3A9B /* Frameworks */ = {
			isa = PBXFrameworksBuildPhase;
			buildActionMask = 2147483647;
			files = (
			);
			runOnlyForDeploymentPostprocessing = 0;
		};
		6F7FCCE828C5128800620851 /* Frameworks */ = {
			isa = PBXFrameworksBuildPhase;
			buildActionMask = 2147483647;
			files = (
			);
			runOnlyForDeploymentPostprocessing = 0;
		};
		6FE1460028B52ABC005B112F /* Frameworks */ = {
			isa = PBXFrameworksBuildPhase;
			buildActionMask = 2147483647;
			files = (
				47C2EB3CF2A13C2235767F99 /* Pods_Word_Collector.framework in Frameworks */,
			);
			runOnlyForDeploymentPostprocessing = 0;
		};
/* End PBXFrameworksBuildPhase section */

/* Begin PBXGroup section */
		53E00878EC330AC5F0B5BE33 /* Pods */ = {
			isa = PBXGroup;
			children = (
				B51288757D29B4FA60DBE792 /* Pods-Word Collector.debug.xcconfig */,
				0FF48AD95C42AAC117545CA2 /* Pods-Word Collector.release.xcconfig */,
			);
			path = Pods;
			sourceTree = "<group>";
		};
		5981043A3CB48DB3BDDC6885 /* Frameworks */ = {
			isa = PBXGroup;
			children = (
				0B4E8B8837A71A837EB183B5 /* Pods_Word_Collector.framework */,
			);
			name = Frameworks;
			sourceTree = "<group>";
		};
		6F24D41C28CE4C5B00EA3A9B /* Word Collector Tests */ = {
			isa = PBXGroup;
			children = (
				6F24D42428CE4CBF00EA3A9B /* Vobulary_Tests.swift */,
			);
			path = "Word Collector Tests";
			sourceTree = "<group>";
		};
		6F672BFE28C4EC8000B085C3 /* WordCollectionView */ = {
			isa = PBXGroup;
			children = (
				6F672BFF28C4EC9E00B085C3 /* WordCollectionViewCell.swift */,
			);
			path = WordCollectionView;
			sourceTree = "<group>";
		};
		6F6F7A5F28BF79160039F1B9 /* VocabularyTableCell */ = {
			isa = PBXGroup;
			children = (
				6F6F7A6028BF793D0039F1B9 /* VocabularyTableViewCell.swift */,
				6F6F7A6428BF8BAC0039F1B9 /* VocabularyTableViewCell.xib */,
			);
			path = VocabularyTableCell;
			sourceTree = "<group>";
		};
		6F7FCCEC28C5128800620851 /* Word CollectorUITests */ = {
			isa = PBXGroup;
			children = (
				6F7FCCED28C5128800620851 /* Word_CollectorUITests.swift */,
				6F7FCCEF28C5128800620851 /* Word_CollectorUITestsLaunchTests.swift */,
			);
			path = "Word CollectorUITests";
			sourceTree = "<group>";
		};
		6F9B198228B7F0B800BDAB24 /* LibraryIcon */ = {
			isa = PBXGroup;
			children = (
				6FE1462228B537BB005B112F /* LibraryIconCollectionViewCell.swift */,
				6FE1462328B537BB005B112F /* LibraryIconCollectionViewCell.xib */,
			);
			path = LibraryIcon;
			sourceTree = "<group>";
		};
		6FDEFB1328BD010B008C8687 /* DefinitionTableCell */ = {
			isa = PBXGroup;
			children = (
				6FDEFB1428BD0139008C8687 /* DefinitionTableViewCell.swift */,
				6FDEFB1528BD0139008C8687 /* DefinitionTableViewCell.xib */,
			);
			path = DefinitionTableCell;
			sourceTree = "<group>";
		};
		6FE0A80128B6978F00F90099 /* Storage */ = {
			isa = PBXGroup;
			children = (
				6FE0A80228B697C500F90099 /* StorageManager.swift */,
			);
			path = Storage;
			sourceTree = "<group>";
		};
		6FE0A80428B69A5000F90099 /* Errors */ = {
			isa = PBXGroup;
			children = (
				6FE0A80528B69A9500F90099 /* StorageInteractionError.swift */,
				6F48597128BBAD0000B1FA71 /* APIInteractionError.swift */,
			);
			path = Errors;
			sourceTree = "<group>";
		};
		6FE145FA28B52ABC005B112F = {
			isa = PBXGroup;
			children = (
				6FE1460528B52ABC005B112F /* Word Collector */,
				6F7FCCEC28C5128800620851 /* Word CollectorUITests */,
				6F24D41C28CE4C5B00EA3A9B /* Word Collector Tests */,
				6FE1460428B52ABC005B112F /* Products */,
				53E00878EC330AC5F0B5BE33 /* Pods */,
				5981043A3CB48DB3BDDC6885 /* Frameworks */,
			);
			sourceTree = "<group>";
		};
		6FE1460428B52ABC005B112F /* Products */ = {
			isa = PBXGroup;
			children = (
				6FE1460328B52ABC005B112F /* Word Collector.app */,
				6F7FCCEB28C5128800620851 /* Word CollectorUITests.xctest */,
				6F24D41B28CE4C5B00EA3A9B /* Word Collector Tests.xctest */,
			);
			name = Products;
			sourceTree = "<group>";
		};
		6FE1460528B52ABC005B112F /* Word Collector */ = {
			isa = PBXGroup;
			children = (
				6FE0A80428B69A5000F90099 /* Errors */,
				6FE0A80128B6978F00F90099 /* Storage */,
				6FE1461E28B52C96005B112F /* Network */,
				6FE1461D28B52C8E005B112F /* Extensions */,
				6FE1461C28B52C67005B112F /* Model */,
				6FE1462128B53767005B112F /* CustomViews */,
				6FE1461A28B52C56005B112F /* ViewControllers */,
				6FE1460628B52ABC005B112F /* AppDelegate.swift */,
				6FE1460828B52ABC005B112F /* SceneDelegate.swift */,
				6FE1460C28B52ABC005B112F /* Main.storyboard */,
				6FE1460F28B52ABD005B112F /* Assets.xcassets */,
				6FE1461128B52ABD005B112F /* LaunchScreen.storyboard */,
				6FE1461428B52ABD005B112F /* Info.plist */,
			);
			path = "Word Collector";
			sourceTree = "<group>";
		};
		6FE1461A28B52C56005B112F /* ViewControllers */ = {
			isa = PBXGroup;
			children = (
				6FE1461F28B52CD7005B112F /* LibraryViewController.swift */,
				6F012D8D28B676AC00D1FC5B /* CreateOrEditViewController.swift */,
				6F7DB36628B78ABB0043FDC2 /* FileViewController.swift */,
				6F7DB36828B79E350043FDC2 /* CustomNavigationViewController.swift */,
				6F6F7A5D28BF75A30039F1B9 /* VocabularyViewController.swift */,
			);
			path = ViewControllers;
			sourceTree = "<group>";
		};
		6FE1461C28B52C67005B112F /* Model */ = {
			isa = PBXGroup;
			children = (
				6FDE2CF228B90ECD007956FF /* ColorScheme.swift */,
				6F48597328BBB7AB00B1FA71 /* Definition.swift */,
				6F48597528BBB83C00B1FA71 /* Meaning.swift */,
				6F48597728BBB89D00B1FA71 /* License.swift */,
				6F48597928BBB8D500B1FA71 /* Phonetic.swift */,
				6F48597B28BBB95300B1FA71 /* Entry.swift */,
				6F294F3828BBDFFA002A0F70 /* DictionaryTerm.swift */,
				6F6F7A5928BF6CE50039F1B9 /* SavedWord.swift */,
				6F6F7A5B28BF71EC0039F1B9 /* Vocabulary.swift */,
				6F672C0128C4F0C400B085C3 /* TextContent.swift */,
				6F52DF1328C684F700625B4A /* TextFormat.swift */,
			);
			path = Model;
			sourceTree = "<group>";
		};
		6FE1461D28B52C8E005B112F /* Extensions */ = {
			isa = PBXGroup;
			children = (
				6FE1462A28B53EFB005B112F /* UIView+Extension.swift */,
				6F9B197E28B7DA0A00BDAB24 /* UIFont+Extension.swift */,
				6F9B198028B7DDCB00BDAB24 /* UIFont_Weight+Extension.swift */,
				6FDE2CEE28B8F861007956FF /* UIColor+Extension.swift */,
				6FDE2CF028B9082B007956FF /* UserDefaults+Extension.swift */,
				6F294F3A28BBE30B002A0F70 /* String+Extension.swift */,
				6FDEFB1828BD2424008C8687 /* NSLayoutConstraint+Extension.swift */,
				6F6AD13228BFB6D80062180C /* UIViewConstroller+Extension.swift */,
				6F672C0528C509C700B085C3 /* UILabel+Extension.swift */,
			);
			path = Extensions;
			sourceTree = "<group>";
		};
		6FE1461E28B52C96005B112F /* Network */ = {
			isa = PBXGroup;
			children = (
				6F48596728BBA6DC00B1FA71 /* Method.swift */,
				6F48596B28BBA77900B1FA71 /* NetworkManager.swift */,
				6F48596D28BBA98D00B1FA71 /* Route.swift */,
				6F48596F28BBAA4D00B1FA71 /* DictionaryRoute.swift */,
			);
			path = Network;
			sourceTree = "<group>";
		};
		6FE1462128B53767005B112F /* CustomViews */ = {
			isa = PBXGroup;
			children = (
				6F672BFE28C4EC8000B085C3 /* WordCollectionView */,
				6F6F7A5F28BF79160039F1B9 /* VocabularyTableCell */,
				6FDEFB1328BD010B008C8687 /* DefinitionTableCell */,
				6F9B198228B7F0B800BDAB24 /* LibraryIcon */,
			);
			path = CustomViews;
			sourceTree = "<group>";
		};
/* End PBXGroup section */

/* Begin PBXNativeTarget section */
		6F24D41A28CE4C5B00EA3A9B /* Word Collector Tests */ = {
			isa = PBXNativeTarget;
			buildConfigurationList = 6F24D42328CE4C5B00EA3A9B /* Build configuration list for PBXNativeTarget "Word Collector Tests" */;
			buildPhases = (
				6F24D41728CE4C5B00EA3A9B /* Sources */,
				6F24D41828CE4C5B00EA3A9B /* Frameworks */,
				6F24D41928CE4C5B00EA3A9B /* Resources */,
			);
			buildRules = (
			);
			dependencies = (
				6F24D42028CE4C5B00EA3A9B /* PBXTargetDependency */,
			);
			name = "Word Collector Tests";
			productName = "Word Collector Tests";
			productReference = 6F24D41B28CE4C5B00EA3A9B /* Word Collector Tests.xctest */;
			productType = "com.apple.product-type.bundle.unit-test";
		};
		6F7FCCEA28C5128800620851 /* Word CollectorUITests */ = {
			isa = PBXNativeTarget;
			buildConfigurationList = 6F7FCCF528C5128800620851 /* Build configuration list for PBXNativeTarget "Word CollectorUITests" */;
			buildPhases = (
				6F7FCCE728C5128800620851 /* Sources */,
				6F7FCCE828C5128800620851 /* Frameworks */,
				6F7FCCE928C5128800620851 /* Resources */,
			);
			buildRules = (
			);
			dependencies = (
				6F7FCCF228C5128800620851 /* PBXTargetDependency */,
			);
			name = "Word CollectorUITests";
			productName = "Word CollectorUITests";
			productReference = 6F7FCCEB28C5128800620851 /* Word CollectorUITests.xctest */;
			productType = "com.apple.product-type.bundle.ui-testing";
		};
		6FE1460228B52ABC005B112F /* Word Collector */ = {
			isa = PBXNativeTarget;
			buildConfigurationList = 6FE1461728B52ABD005B112F /* Build configuration list for PBXNativeTarget "Word Collector" */;
			buildPhases = (
				E814079A2B1B3839DE5DC691 /* [CP] Check Pods Manifest.lock */,
				6FE145FF28B52ABC005B112F /* Sources */,
				6FE1460028B52ABC005B112F /* Frameworks */,
				6FE1460128B52ABC005B112F /* Resources */,
				EF6EC660E27162BF35B305AE /* [CP] Embed Pods Frameworks */,
			);
			buildRules = (
			);
			dependencies = (
			);
			name = "Word Collector";
			productName = "Word Collector";
			productReference = 6FE1460328B52ABC005B112F /* Word Collector.app */;
			productType = "com.apple.product-type.application";
		};
/* End PBXNativeTarget section */

/* Begin PBXProject section */
		6FE145FB28B52ABC005B112F /* Project object */ = {
			isa = PBXProject;
			attributes = {
				BuildIndependentTargetsInParallel = 1;
				LastSwiftUpdateCheck = 1340;
				LastUpgradeCheck = 1340;
				TargetAttributes = {
					6F24D41A28CE4C5B00EA3A9B = {
						CreatedOnToolsVersion = 13.4.1;
						TestTargetID = 6FE1460228B52ABC005B112F;
					};
					6F7FCCEA28C5128800620851 = {
						CreatedOnToolsVersion = 13.4.1;
						TestTargetID = 6FE1460228B52ABC005B112F;
					};
					6FE1460228B52ABC005B112F = {
						CreatedOnToolsVersion = 13.4.1;
					};
				};
			};
			buildConfigurationList = 6FE145FE28B52ABC005B112F /* Build configuration list for PBXProject "Word Collector" */;
			compatibilityVersion = "Xcode 13.0";
			developmentRegion = en;
			hasScannedForEncodings = 0;
			knownRegions = (
				en,
				Base,
			);
			mainGroup = 6FE145FA28B52ABC005B112F;
			productRefGroup = 6FE1460428B52ABC005B112F /* Products */;
			projectDirPath = "";
			projectRoot = "";
			targets = (
				6FE1460228B52ABC005B112F /* Word Collector */,
				6F7FCCEA28C5128800620851 /* Word CollectorUITests */,
				6F24D41A28CE4C5B00EA3A9B /* Word Collector Tests */,
			);
		};
/* End PBXProject section */

/* Begin PBXResourcesBuildPhase section */
		6F24D41928CE4C5B00EA3A9B /* Resources */ = {
			isa = PBXResourcesBuildPhase;
			buildActionMask = 2147483647;
			files = (
			);
			runOnlyForDeploymentPostprocessing = 0;
		};
		6F7FCCE928C5128800620851 /* Resources */ = {
			isa = PBXResourcesBuildPhase;
			buildActionMask = 2147483647;
			files = (
			);
			runOnlyForDeploymentPostprocessing = 0;
		};
		6FE1460128B52ABC005B112F /* Resources */ = {
			isa = PBXResourcesBuildPhase;
			buildActionMask = 2147483647;
			files = (
				6FDEFB1728BD0139008C8687 /* DefinitionTableViewCell.xib in Resources */,
				6F6F7A6528BF8BAC0039F1B9 /* VocabularyTableViewCell.xib in Resources */,
				6FE1461328B52ABD005B112F /* LaunchScreen.storyboard in Resources */,
				6FE1462528B537BB005B112F /* LibraryIconCollectionViewCell.xib in Resources */,
				6FE1461028B52ABD005B112F /* Assets.xcassets in Resources */,
				6FE1460E28B52ABC005B112F /* Main.storyboard in Resources */,
			);
			runOnlyForDeploymentPostprocessing = 0;
		};
/* End PBXResourcesBuildPhase section */

/* Begin PBXShellScriptBuildPhase section */
		E814079A2B1B3839DE5DC691 /* [CP] Check Pods Manifest.lock */ = {
			isa = PBXShellScriptBuildPhase;
			buildActionMask = 2147483647;
			files = (
			);
			inputFileListPaths = (
			);
			inputPaths = (
				"${PODS_PODFILE_DIR_PATH}/Podfile.lock",
				"${PODS_ROOT}/Manifest.lock",
			);
			name = "[CP] Check Pods Manifest.lock";
			outputFileListPaths = (
			);
			outputPaths = (
				"$(DERIVED_FILE_DIR)/Pods-Word Collector-checkManifestLockResult.txt",
			);
			runOnlyForDeploymentPostprocessing = 0;
			shellPath = /bin/sh;
			shellScript = "diff \"${PODS_PODFILE_DIR_PATH}/Podfile.lock\" \"${PODS_ROOT}/Manifest.lock\" > /dev/null\nif [ $? != 0 ] ; then\n    # print error to STDERR\n    echo \"error: The sandbox is not in sync with the Podfile.lock. Run 'pod install' or update your CocoaPods installation.\" >&2\n    exit 1\nfi\n# This output is used by Xcode 'outputs' to avoid re-running this script phase.\necho \"SUCCESS\" > \"${SCRIPT_OUTPUT_FILE_0}\"\n";
			showEnvVarsInLog = 0;
		};
		EF6EC660E27162BF35B305AE /* [CP] Embed Pods Frameworks */ = {
			isa = PBXShellScriptBuildPhase;
			buildActionMask = 2147483647;
			files = (
			);
			inputFileListPaths = (
				"${PODS_ROOT}/Target Support Files/Pods-Word Collector/Pods-Word Collector-frameworks-${CONFIGURATION}-input-files.xcfilelist",
			);
			name = "[CP] Embed Pods Frameworks";
			outputFileListPaths = (
				"${PODS_ROOT}/Target Support Files/Pods-Word Collector/Pods-Word Collector-frameworks-${CONFIGURATION}-output-files.xcfilelist",
			);
			runOnlyForDeploymentPostprocessing = 0;
			shellPath = /bin/sh;
			shellScript = "\"${PODS_ROOT}/Target Support Files/Pods-Word Collector/Pods-Word Collector-frameworks.sh\"\n";
			showEnvVarsInLog = 0;
		};
/* End PBXShellScriptBuildPhase section */

/* Begin PBXSourcesBuildPhase section */
		6F24D41728CE4C5B00EA3A9B /* Sources */ = {
			isa = PBXSourcesBuildPhase;
			buildActionMask = 2147483647;
			files = (
				6F24D42528CE4CBF00EA3A9B /* Vobulary_Tests.swift in Sources */,
			);
			runOnlyForDeploymentPostprocessing = 0;
		};
		6F7FCCE728C5128800620851 /* Sources */ = {
			isa = PBXSourcesBuildPhase;
			buildActionMask = 2147483647;
			files = (
				6F7FCCF028C5128800620851 /* Word_CollectorUITestsLaunchTests.swift in Sources */,
				6F7FCCEE28C5128800620851 /* Word_CollectorUITests.swift in Sources */,
			);
			runOnlyForDeploymentPostprocessing = 0;
		};
		6FE145FF28B52ABC005B112F /* Sources */ = {
			isa = PBXSourcesBuildPhase;
			buildActionMask = 2147483647;
			files = (
				6F672C0228C4F0C400B085C3 /* TextContent.swift in Sources */,
				6F7DB36728B78ABB0043FDC2 /* FileViewController.swift in Sources */,
				6F48597A28BBB8D500B1FA71 /* Phonetic.swift in Sources */,
				6FDE2CF328B90ECD007956FF /* ColorScheme.swift in Sources */,
				6F6F7A5C28BF71EC0039F1B9 /* Vocabulary.swift in Sources */,
				6FDEFB1628BD0139008C8687 /* DefinitionTableViewCell.swift in Sources */,
				6F48597828BBB89D00B1FA71 /* License.swift in Sources */,
				6F6AD13328BFB6D80062180C /* UIViewConstroller+Extension.swift in Sources */,
				6F7DB36928B79E350043FDC2 /* CustomNavigationViewController.swift in Sources */,
				6F48597028BBAA4D00B1FA71 /* DictionaryRoute.swift in Sources */,
				6F6F7A5A28BF6CE50039F1B9 /* SavedWord.swift in Sources */,
				6F672C0628C509C700B085C3 /* UILabel+Extension.swift in Sources */,
				6FE1462B28B53EFB005B112F /* UIView+Extension.swift in Sources */,
				6FE1460728B52ABC005B112F /* AppDelegate.swift in Sources */,
				6F294F3B28BBE30B002A0F70 /* String+Extension.swift in Sources */,
				6F012D8E28B676AC00D1FC5B /* CreateOrEditViewController.swift in Sources */,
				6FE1462028B52CD7005B112F /* LibraryViewController.swift in Sources */,
				6F6F7A5E28BF75A30039F1B9 /* VocabularyViewController.swift in Sources */,
				6F48597228BBAD0000B1FA71 /* APIInteractionError.swift in Sources */,
				6FDE2CF128B9082B007956FF /* UserDefaults+Extension.swift in Sources */,
				6F48596828BBA6DC00B1FA71 /* Method.swift in Sources */,
				6F48597428BBB7AB00B1FA71 /* Definition.swift in Sources */,
				6F294F3928BBDFFA002A0F70 /* DictionaryTerm.swift in Sources */,
				6FE1460928B52ABC005B112F /* SceneDelegate.swift in Sources */,
				6F52DF1428C684F700625B4A /* TextFormat.swift in Sources */,
				6F48597C28BBB95300B1FA71 /* Entry.swift in Sources */,
				6F48596C28BBA77900B1FA71 /* NetworkManager.swift in Sources */,
				6F48596E28BBA98D00B1FA71 /* Route.swift in Sources */,
				6FDEFB1928BD2424008C8687 /* NSLayoutConstraint+Extension.swift in Sources */,
				6FE1462428B537BB005B112F /* LibraryIconCollectionViewCell.swift in Sources */,
				6F9B198128B7DDCB00BDAB24 /* UIFont_Weight+Extension.swift in Sources */,
				6FE0A80328B697C500F90099 /* StorageManager.swift in Sources */,
				6F672C0028C4EC9E00B085C3 /* WordCollectionViewCell.swift in Sources */,
				6FDE2CEF28B8F861007956FF /* UIColor+Extension.swift in Sources */,
				6FE0A80628B69A9500F90099 /* StorageInteractionError.swift in Sources */,
				6F9B197F28B7DA0A00BDAB24 /* UIFont+Extension.swift in Sources */,
				6F48597628BBB83C00B1FA71 /* Meaning.swift in Sources */,
				6F6F7A6228BF793D0039F1B9 /* VocabularyTableViewCell.swift in Sources */,
			);
			runOnlyForDeploymentPostprocessing = 0;
		};
/* End PBXSourcesBuildPhase section */

/* Begin PBXTargetDependency section */
		6F24D42028CE4C5B00EA3A9B /* PBXTargetDependency */ = {
			isa = PBXTargetDependency;
			target = 6FE1460228B52ABC005B112F /* Word Collector */;
			targetProxy = 6F24D41F28CE4C5B00EA3A9B /* PBXContainerItemProxy */;
		};
		6F7FCCF228C5128800620851 /* PBXTargetDependency */ = {
			isa = PBXTargetDependency;
			target = 6FE1460228B52ABC005B112F /* Word Collector */;
			targetProxy = 6F7FCCF128C5128800620851 /* PBXContainerItemProxy */;
		};
/* End PBXTargetDependency section */

/* Begin PBXVariantGroup section */
		6FE1460C28B52ABC005B112F /* Main.storyboard */ = {
			isa = PBXVariantGroup;
			children = (
				6FE1460D28B52ABC005B112F /* Base */,
			);
			name = Main.storyboard;
			sourceTree = "<group>";
		};
		6FE1461128B52ABD005B112F /* LaunchScreen.storyboard */ = {
			isa = PBXVariantGroup;
			children = (
				6FE1461228B52ABD005B112F /* Base */,
			);
			name = LaunchScreen.storyboard;
			sourceTree = "<group>";
		};
/* End PBXVariantGroup section */

/* Begin XCBuildConfiguration section */
		6F24D42128CE4C5B00EA3A9B /* Debug */ = {
			isa = XCBuildConfiguration;
			buildSettings = {
				BUNDLE_LOADER = "$(TEST_HOST)";
				CODE_SIGN_STYLE = Automatic;
				CURRENT_PROJECT_VERSION = 1;
				DEVELOPMENT_TEAM = H8YTB7PJP9;
				GENERATE_INFOPLIST_FILE = YES;
				MARKETING_VERSION = 1.0;
				PRODUCT_BUNDLE_IDENTIFIER = "pl.biuro-rachunkowe-cyferka.Word-Collector-Tests";
				PRODUCT_NAME = "$(TARGET_NAME)";
				SWIFT_EMIT_LOC_STRINGS = NO;
				SWIFT_VERSION = 5.0;
				TARGETED_DEVICE_FAMILY = "1,2";
				TEST_HOST = "$(BUILT_PRODUCTS_DIR)/Word Collector.app/Word Collector";
			};
			name = Debug;
		};
		6F24D42228CE4C5B00EA3A9B /* Release */ = {
			isa = XCBuildConfiguration;
			buildSettings = {
				BUNDLE_LOADER = "$(TEST_HOST)";
				CODE_SIGN_STYLE = Automatic;
				CURRENT_PROJECT_VERSION = 1;
				DEVELOPMENT_TEAM = H8YTB7PJP9;
				GENERATE_INFOPLIST_FILE = YES;
				MARKETING_VERSION = 1.0;
				PRODUCT_BUNDLE_IDENTIFIER = "pl.biuro-rachunkowe-cyferka.Word-Collector-Tests";
				PRODUCT_NAME = "$(TARGET_NAME)";
				SWIFT_EMIT_LOC_STRINGS = NO;
				SWIFT_VERSION = 5.0;
				TARGETED_DEVICE_FAMILY = "1,2";
				TEST_HOST = "$(BUILT_PRODUCTS_DIR)/Word Collector.app/Word Collector";
			};
			name = Release;
		};
		6F7FCCF328C5128800620851 /* Debug */ = {
			isa = XCBuildConfiguration;
			buildSettings = {
				CODE_SIGN_STYLE = Automatic;
				CURRENT_PROJECT_VERSION = 1;
				DEVELOPMENT_TEAM = H8YTB7PJP9;
				GENERATE_INFOPLIST_FILE = YES;
				MARKETING_VERSION = 1.0;
				PRODUCT_BUNDLE_IDENTIFIER = "pl.biuro-rachunkowe-cyferka.Word-CollectorUITests";
				PRODUCT_NAME = "$(TARGET_NAME)";
				SWIFT_EMIT_LOC_STRINGS = NO;
				SWIFT_VERSION = 5.0;
				TARGETED_DEVICE_FAMILY = "1,2";
				TEST_TARGET_NAME = "Word Collector";
			};
			name = Debug;
		};
		6F7FCCF428C5128800620851 /* Release */ = {
			isa = XCBuildConfiguration;
			buildSettings = {
				CODE_SIGN_STYLE = Automatic;
				CURRENT_PROJECT_VERSION = 1;
				DEVELOPMENT_TEAM = H8YTB7PJP9;
				GENERATE_INFOPLIST_FILE = YES;
				MARKETING_VERSION = 1.0;
				PRODUCT_BUNDLE_IDENTIFIER = "pl.biuro-rachunkowe-cyferka.Word-CollectorUITests";
				PRODUCT_NAME = "$(TARGET_NAME)";
				SWIFT_EMIT_LOC_STRINGS = NO;
				SWIFT_VERSION = 5.0;
				TARGETED_DEVICE_FAMILY = "1,2";
				TEST_TARGET_NAME = "Word Collector";
			};
			name = Release;
		};
		6FE1461528B52ABD005B112F /* Debug */ = {
			isa = XCBuildConfiguration;
			buildSettings = {
				ALWAYS_SEARCH_USER_PATHS = NO;
				CLANG_ANALYZER_NONNULL = YES;
				CLANG_ANALYZER_NUMBER_OBJECT_CONVERSION = YES_AGGRESSIVE;
				CLANG_CXX_LANGUAGE_STANDARD = "gnu++17";
				CLANG_ENABLE_MODULES = YES;
				CLANG_ENABLE_OBJC_ARC = YES;
				CLANG_ENABLE_OBJC_WEAK = YES;
				CLANG_WARN_BLOCK_CAPTURE_AUTORELEASING = YES;
				CLANG_WARN_BOOL_CONVERSION = YES;
				CLANG_WARN_COMMA = YES;
				CLANG_WARN_CONSTANT_CONVERSION = YES;
				CLANG_WARN_DEPRECATED_OBJC_IMPLEMENTATIONS = YES;
				CLANG_WARN_DIRECT_OBJC_ISA_USAGE = YES_ERROR;
				CLANG_WARN_DOCUMENTATION_COMMENTS = YES;
				CLANG_WARN_EMPTY_BODY = YES;
				CLANG_WARN_ENUM_CONVERSION = YES;
				CLANG_WARN_INFINITE_RECURSION = YES;
				CLANG_WARN_INT_CONVERSION = YES;
				CLANG_WARN_NON_LITERAL_NULL_CONVERSION = YES;
				CLANG_WARN_OBJC_IMPLICIT_RETAIN_SELF = YES;
				CLANG_WARN_OBJC_LITERAL_CONVERSION = YES;
				CLANG_WARN_OBJC_ROOT_CLASS = YES_ERROR;
				CLANG_WARN_QUOTED_INCLUDE_IN_FRAMEWORK_HEADER = YES;
				CLANG_WARN_RANGE_LOOP_ANALYSIS = YES;
				CLANG_WARN_STRICT_PROTOTYPES = YES;
				CLANG_WARN_SUSPICIOUS_MOVE = YES;
				CLANG_WARN_UNGUARDED_AVAILABILITY = YES_AGGRESSIVE;
				CLANG_WARN_UNREACHABLE_CODE = YES;
				CLANG_WARN__DUPLICATE_METHOD_MATCH = YES;
				COPY_PHASE_STRIP = NO;
				DEBUG_INFORMATION_FORMAT = dwarf;
				ENABLE_STRICT_OBJC_MSGSEND = YES;
				ENABLE_TESTABILITY = YES;
				GCC_C_LANGUAGE_STANDARD = gnu11;
				GCC_DYNAMIC_NO_PIC = NO;
				GCC_NO_COMMON_BLOCKS = YES;
				GCC_OPTIMIZATION_LEVEL = 0;
				GCC_PREPROCESSOR_DEFINITIONS = (
					"DEBUG=1",
					"$(inherited)",
				);
				GCC_WARN_64_TO_32_BIT_CONVERSION = YES;
				GCC_WARN_ABOUT_RETURN_TYPE = YES_ERROR;
				GCC_WARN_UNDECLARED_SELECTOR = YES;
				GCC_WARN_UNINITIALIZED_AUTOS = YES_AGGRESSIVE;
				GCC_WARN_UNUSED_FUNCTION = YES;
				GCC_WARN_UNUSED_VARIABLE = YES;
				IPHONEOS_DEPLOYMENT_TARGET = 15.5;
				MTL_ENABLE_DEBUG_INFO = INCLUDE_SOURCE;
				MTL_FAST_MATH = YES;
				ONLY_ACTIVE_ARCH = YES;
				SDKROOT = iphoneos;
				SWIFT_ACTIVE_COMPILATION_CONDITIONS = DEBUG;
				SWIFT_OPTIMIZATION_LEVEL = "-Onone";
			};
			name = Debug;
		};
		6FE1461628B52ABD005B112F /* Release */ = {
			isa = XCBuildConfiguration;
			buildSettings = {
				ALWAYS_SEARCH_USER_PATHS = NO;
				CLANG_ANALYZER_NONNULL = YES;
				CLANG_ANALYZER_NUMBER_OBJECT_CONVERSION = YES_AGGRESSIVE;
				CLANG_CXX_LANGUAGE_STANDARD = "gnu++17";
				CLANG_ENABLE_MODULES = YES;
				CLANG_ENABLE_OBJC_ARC = YES;
				CLANG_ENABLE_OBJC_WEAK = YES;
				CLANG_WARN_BLOCK_CAPTURE_AUTORELEASING = YES;
				CLANG_WARN_BOOL_CONVERSION = YES;
				CLANG_WARN_COMMA = YES;
				CLANG_WARN_CONSTANT_CONVERSION = YES;
				CLANG_WARN_DEPRECATED_OBJC_IMPLEMENTATIONS = YES;
				CLANG_WARN_DIRECT_OBJC_ISA_USAGE = YES_ERROR;
				CLANG_WARN_DOCUMENTATION_COMMENTS = YES;
				CLANG_WARN_EMPTY_BODY = YES;
				CLANG_WARN_ENUM_CONVERSION = YES;
				CLANG_WARN_INFINITE_RECURSION = YES;
				CLANG_WARN_INT_CONVERSION = YES;
				CLANG_WARN_NON_LITERAL_NULL_CONVERSION = YES;
				CLANG_WARN_OBJC_IMPLICIT_RETAIN_SELF = YES;
				CLANG_WARN_OBJC_LITERAL_CONVERSION = YES;
				CLANG_WARN_OBJC_ROOT_CLASS = YES_ERROR;
				CLANG_WARN_QUOTED_INCLUDE_IN_FRAMEWORK_HEADER = YES;
				CLANG_WARN_RANGE_LOOP_ANALYSIS = YES;
				CLANG_WARN_STRICT_PROTOTYPES = YES;
				CLANG_WARN_SUSPICIOUS_MOVE = YES;
				CLANG_WARN_UNGUARDED_AVAILABILITY = YES_AGGRESSIVE;
				CLANG_WARN_UNREACHABLE_CODE = YES;
				CLANG_WARN__DUPLICATE_METHOD_MATCH = YES;
				COPY_PHASE_STRIP = NO;
				DEBUG_INFORMATION_FORMAT = "dwarf-with-dsym";
				ENABLE_NS_ASSERTIONS = NO;
				ENABLE_STRICT_OBJC_MSGSEND = YES;
				GCC_C_LANGUAGE_STANDARD = gnu11;
				GCC_NO_COMMON_BLOCKS = YES;
				GCC_WARN_64_TO_32_BIT_CONVERSION = YES;
				GCC_WARN_ABOUT_RETURN_TYPE = YES_ERROR;
				GCC_WARN_UNDECLARED_SELECTOR = YES;
				GCC_WARN_UNINITIALIZED_AUTOS = YES_AGGRESSIVE;
				GCC_WARN_UNUSED_FUNCTION = YES;
				GCC_WARN_UNUSED_VARIABLE = YES;
				IPHONEOS_DEPLOYMENT_TARGET = 15.5;
				MTL_ENABLE_DEBUG_INFO = NO;
				MTL_FAST_MATH = YES;
				SDKROOT = iphoneos;
				SWIFT_COMPILATION_MODE = wholemodule;
				SWIFT_OPTIMIZATION_LEVEL = "-O";
				VALIDATE_PRODUCT = YES;
			};
			name = Release;
		};
		6FE1461828B52ABD005B112F /* Debug */ = {
			isa = XCBuildConfiguration;
			baseConfigurationReference = B51288757D29B4FA60DBE792 /* Pods-Word Collector.debug.xcconfig */;
			buildSettings = {
				ASSETCATALOG_COMPILER_APPICON_NAME = AppIcon;
				ASSETCATALOG_COMPILER_GLOBAL_ACCENT_COLOR_NAME = AccentColor;
				CODE_SIGN_STYLE = Automatic;
				CURRENT_PROJECT_VERSION = 1;
				DEVELOPMENT_TEAM = H8YTB7PJP9;
				GENERATE_INFOPLIST_FILE = YES;
				INFOPLIST_FILE = "Word Collector/Info.plist";
				INFOPLIST_KEY_UIApplicationSupportsIndirectInputEvents = YES;
				INFOPLIST_KEY_UILaunchStoryboardName = LaunchScreen;
				INFOPLIST_KEY_UIMainStoryboardFile = Main;
				INFOPLIST_KEY_UISupportedInterfaceOrientations_iPad = "UIInterfaceOrientationPortrait UIInterfaceOrientationPortraitUpsideDown UIInterfaceOrientationLandscapeLeft UIInterfaceOrientationLandscapeRight";
				INFOPLIST_KEY_UISupportedInterfaceOrientations_iPhone = "UIInterfaceOrientationPortrait UIInterfaceOrientationLandscapeLeft UIInterfaceOrientationLandscapeRight";
				LD_RUNPATH_SEARCH_PATHS = (
					"$(inherited)",
					"@executable_path/Frameworks",
				);
				MARKETING_VERSION = 1.0;
				PRODUCT_BUNDLE_IDENTIFIER = "pl.biuro-rachunkowe-cyferka.Word-Collector";
				PRODUCT_NAME = "$(TARGET_NAME)";
				SWIFT_EMIT_LOC_STRINGS = YES;
				SWIFT_VERSION = 5.0;
				TARGETED_DEVICE_FAMILY = 1;
			};
			name = Debug;
		};
		6FE1461928B52ABD005B112F /* Release */ = {
			isa = XCBuildConfiguration;
			baseConfigurationReference = 0FF48AD95C42AAC117545CA2 /* Pods-Word Collector.release.xcconfig */;
			buildSettings = {
				ASSETCATALOG_COMPILER_APPICON_NAME = AppIcon;
				ASSETCATALOG_COMPILER_GLOBAL_ACCENT_COLOR_NAME = AccentColor;
				CODE_SIGN_STYLE = Automatic;
				CURRENT_PROJECT_VERSION = 1;
				DEVELOPMENT_TEAM = H8YTB7PJP9;
				GENERATE_INFOPLIST_FILE = YES;
				INFOPLIST_FILE = "Word Collector/Info.plist";
				INFOPLIST_KEY_UIApplicationSupportsIndirectInputEvents = YES;
				INFOPLIST_KEY_UILaunchStoryboardName = LaunchScreen;
				INFOPLIST_KEY_UIMainStoryboardFile = Main;
				INFOPLIST_KEY_UISupportedInterfaceOrientations_iPad = "UIInterfaceOrientationPortrait UIInterfaceOrientationPortraitUpsideDown UIInterfaceOrientationLandscapeLeft UIInterfaceOrientationLandscapeRight";
				INFOPLIST_KEY_UISupportedInterfaceOrientations_iPhone = "UIInterfaceOrientationPortrait UIInterfaceOrientationLandscapeLeft UIInterfaceOrientationLandscapeRight";
				LD_RUNPATH_SEARCH_PATHS = (
					"$(inherited)",
					"@executable_path/Frameworks",
				);
				MARKETING_VERSION = 1.0;
				PRODUCT_BUNDLE_IDENTIFIER = "pl.biuro-rachunkowe-cyferka.Word-Collector";
				PRODUCT_NAME = "$(TARGET_NAME)";
				SWIFT_EMIT_LOC_STRINGS = YES;
				SWIFT_VERSION = 5.0;
				TARGETED_DEVICE_FAMILY = 1;
			};
			name = Release;
		};
/* End XCBuildConfiguration section */

/* Begin XCConfigurationList section */
		6F24D42328CE4C5B00EA3A9B /* Build configuration list for PBXNativeTarget "Word Collector Tests" */ = {
			isa = XCConfigurationList;
			buildConfigurations = (
				6F24D42128CE4C5B00EA3A9B /* Debug */,
				6F24D42228CE4C5B00EA3A9B /* Release */,
			);
			defaultConfigurationIsVisible = 0;
			defaultConfigurationName = Release;
		};
		6F7FCCF528C5128800620851 /* Build configuration list for PBXNativeTarget "Word CollectorUITests" */ = {
			isa = XCConfigurationList;
			buildConfigurations = (
				6F7FCCF328C5128800620851 /* Debug */,
				6F7FCCF428C5128800620851 /* Release */,
			);
			defaultConfigurationIsVisible = 0;
			defaultConfigurationName = Release;
		};
		6FE145FE28B52ABC005B112F /* Build configuration list for PBXProject "Word Collector" */ = {
			isa = XCConfigurationList;
			buildConfigurations = (
				6FE1461528B52ABD005B112F /* Debug */,
				6FE1461628B52ABD005B112F /* Release */,
			);
			defaultConfigurationIsVisible = 0;
			defaultConfigurationName = Release;
		};
		6FE1461728B52ABD005B112F /* Build configuration list for PBXNativeTarget "Word Collector" */ = {
			isa = XCConfigurationList;
			buildConfigurations = (
				6FE1461828B52ABD005B112F /* Debug */,
				6FE1461928B52ABD005B112F /* Release */,
			);
			defaultConfigurationIsVisible = 0;
			defaultConfigurationName = Release;
		};
/* End XCConfigurationList section */
	};
	rootObject = 6FE145FB28B52ABC005B112F /* Project object */;
}
